
Microsoft Visual Studio Solution File, Format Version 12.00
# Visual Studio Version 17
VisualStudioVersion = 17.0.32014.148
MinimumVisualStudioVersion = 10.0.40219.1
Project("{9A19103F-16F7-4668-BE54-9A1E7A4F7556}") = "ModelBank.Resources", "ModelBank\ModelBank.Resources.csproj", "{0F2CA50E-2E05-46D8-AB3B-D87E2C56051F}"
EndProject
Project("{9A19103F-16F7-4668-BE54-9A1E7A4F7556}") = "AISP", "AISP\AISP.csproj", "{A7EB1571-95BE-4217-BD83-0F1CC249BC4A}"
EndProject
Project("{FAE04EC0-301F-11D3-BF4B-00C04F79EFBC}") = "ModelBank.Auth", "ModelBank.Auth\ModelBank.Auth.csproj", "{26B5F3EF-8AA5-47CF-A48B-7FEDE3D5D8F1}"
EndProject
Global
	GlobalSection(SolutionConfigurationPlatforms) = preSolution
		Debug|Any CPU = Debug|Any CPU
		Release|Any CPU = Release|Any CPU
	EndGlobalSection
	GlobalSection(ProjectConfigurationPlatforms) = postSolution
		{0F2CA50E-2E05-46D8-AB3B-D87E2C56051F}.Debug|Any CPU.ActiveCfg = Debug|Any CPU
		{0F2CA50E-2E05-46D8-AB3B-D87E2C56051F}.Debug|Any CPU.Build.0 = Debug|Any CPU
		{0F2CA50E-2E05-46D8-AB3B-D87E2C56051F}.Release|Any CPU.ActiveCfg = Release|Any CPU
		{0F2CA50E-2E05-46D8-AB3B-D87E2C56051F}.Release|Any CPU.Build.0 = Release|Any CPU
		{A7EB1571-95BE-4217-BD83-0F1CC249BC4A}.Debug|Any CPU.ActiveCfg = Debug|Any CPU
		{A7EB1571-95BE-4217-BD83-0F1CC249BC4A}.Debug|Any CPU.Build.0 = Debug|Any CPU
		{A7EB1571-95BE-4217-BD83-0F1CC249BC4A}.Release|Any CPU.ActiveCfg = Release|Any CPU
		{A7EB1571-95BE-4217-BD83-0F1CC249BC4A}.Release|Any CPU.Build.0 = Release|Any CPU
		{26B5F3EF-8AA5-47CF-A48B-7FEDE3D5D8F1}.Debug|Any CPU.ActiveCfg = Debug|Any CPU
		{26B5F3EF-8AA5-47CF-A48B-7FEDE3D5D8F1}.Debug|Any CPU.Build.0 = Debug|Any CPU
		{26B5F3EF-8AA5-47CF-A48B-7FEDE3D5D8F1}.Release|Any CPU.ActiveCfg = Release|Any CPU
		{26B5F3EF-8AA5-47CF-A48B-7FEDE3D5D8F1}.Release|Any CPU.Build.0 = Release|Any CPU
	EndGlobalSection
	GlobalSection(SolutionProperties) = preSolution
		HideSolutionNode = FALSE
	EndGlobalSection
	GlobalSection(ExtensibilityGlobals) = postSolution
		SolutionGuid = {41E6A08A-7490-4D88-9D08-D90FD58D0716}
	EndGlobalSection
EndGlobal
